
Microsoft Visual Studio Solution File, Format Version 12.00
# Visual Studio Version 17
VisualStudioVersion = 17.7.34024.191
MinimumVisualStudioVersion = 10.0.40219.1
Project("{FAE04EC0-301F-11D3-BF4B-00C04F79EFBC}") = "SoftPain", "SoftPain\SoftPain.csproj", "{3ABF8B40-6345-4019-A28C-220849AE6758}"
EndProject
Global
	GlobalSection(SolutionConfigurationPlatforms) = preSolution
		Debug|Any CPU = Debug|Any CPU
		Debug|x64 = Debug|x64
		Debug|x86 = Debug|x86
		Release|Any CPU = Release|Any CPU
		Release|x64 = Release|x64
		Release|x86 = Release|x86
	EndGlobalSection
	GlobalSection(ProjectConfigurationPlatforms) = postSolution
		{3ABF8B40-6345-4019-A28C-220849AE6758}.Debug|Any CPU.ActiveCfg = Debug|Any CPU
		{3ABF8B40-6345-4019-A28C-220849AE6758}.Debug|Any CPU.Build.0 = Debug|Any CPU
		{3ABF8B40-6345-4019-A28C-220849AE6758}.Debug|x64.ActiveCfg = Debug|x64
		{3ABF8B40-6345-4019-A28C-220849AE6758}.Debug|x64.Build.0 = Debug|x64
		{3ABF8B40-6345-4019-A28C-220849AE6758}.Debug|x86.ActiveCfg = Debug|x86
		{3ABF8B40-6345-4019-A28C-220849AE6758}.Debug|x86.Build.0 = Debug|x86
		{3ABF8B40-6345-4019-A28C-220849AE6758}.Release|Any CPU.ActiveCfg = Release|Any CPU
		{3ABF8B40-6345-4019-A28C-220849AE6758}.Release|Any CPU.Build.0 = Release|Any CPU
		{3ABF8B40-6345-4019-A28C-220849AE6758}.Release|x64.ActiveCfg = Release|x64
		{3ABF8B40-6345-4019-A28C-220849AE6758}.Release|x64.Build.0 = Release|x64
		{3ABF8B40-6345-4019-A28C-220849AE6758}.Release|x86.ActiveCfg = Release|x86
		{3ABF8B40-6345-4019-A28C-220849AE6758}.Release|x86.Build.0 = Release|x86
	EndGlobalSection
	GlobalSection(SolutionProperties) = preSolution
		HideSolutionNode = FALSE
	EndGlobalSection
	GlobalSection(ExtensibilityGlobals) = postSolution
		SolutionGuid = {214552B4-F69B-43FA-B9BC-F06C5D68D3AA}
	EndGlobalSection
EndGlobal
